// !$*UTF8*$!
{
	archiveVersion = 1;
	classes = {
	};
	objectVersion = 51;
	objects = {

/* Begin PBXBuildFile section */
		24E5A00A255829720022A05D /* WMRequests.swift in Sources */ = {isa = PBXBuildFile; fileRef = 24E5A009255829720022A05D /* WMRequests.swift */; };
		24F2704125559D1900897C21 /* AppDelegate.swift in Sources */ = {isa = PBXBuildFile; fileRef = 24F2704025559D1900897C21 /* AppDelegate.swift */; };
		24F2704325559D1900897C21 /* SceneDelegate.swift in Sources */ = {isa = PBXBuildFile; fileRef = 24F2704225559D1900897C21 /* SceneDelegate.swift */; };
		24F2704525559D1900897C21 /* MapViewController.swift in Sources */ = {isa = PBXBuildFile; fileRef = 24F2704425559D1900897C21 /* MapViewController.swift */; };
		24F2704825559D1900897C21 /* MapView.storyboard in Resources */ = {isa = PBXBuildFile; fileRef = 24F2704625559D1900897C21 /* MapView.storyboard */; };
		24F2704A25559D1C00897C21 /* Assets.xcassets in Resources */ = {isa = PBXBuildFile; fileRef = 24F2704925559D1C00897C21 /* Assets.xcassets */; };
		24F2704D25559D1C00897C21 /* LaunchScreen.storyboard in Resources */ = {isa = PBXBuildFile; fileRef = 24F2704B25559D1C00897C21 /* LaunchScreen.storyboard */; };
		24F2705825559D1D00897C21 /* WorkoutsMapTests.swift in Sources */ = {isa = PBXBuildFile; fileRef = 24F2705725559D1D00897C21 /* WorkoutsMapTests.swift */; };
		24F2706325559D1D00897C21 /* WorkoutsMapUITests.swift in Sources */ = {isa = PBXBuildFile; fileRef = 24F2706225559D1D00897C21 /* WorkoutsMapUITests.swift */; };
		24F270892555BCC800897C21 /* Place.swift in Sources */ = {isa = PBXBuildFile; fileRef = 24F270882555BCC800897C21 /* Place.swift */; };
		24F2708E2555BF2300897C21 /* SearchByDistanceResponseObject.swift in Sources */ = {isa = PBXBuildFile; fileRef = 24F2708D2555BF2300897C21 /* SearchByDistanceResponseObject.swift */; };
		24F270932555C5DC00897C21 /* Podfile in Resources */ = {isa = PBXBuildFile; fileRef = 24F270922555C5DC00897C21 /* Podfile */; };
		24F270AE2555C8CD00897C21 /* .gitignore in Resources */ = {isa = PBXBuildFile; fileRef = 24F270AD2555C8CD00897C21 /* .gitignore */; };
		24F270CC2555CFCB00897C21 /* LocationService.swift in Sources */ = {isa = PBXBuildFile; fileRef = 24F270CB2555CFCB00897C21 /* LocationService.swift */; };
		3E9A9328A0BCA136CE6D6B93 /* Pods_WorkoutsMap_WorkoutsMapUITests.framework in Frameworks */ = {isa = PBXBuildFile; fileRef = EC30ED3F1A44D59ACB7C7EE5 /* Pods_WorkoutsMap_WorkoutsMapUITests.framework */; };
		A000079BB5DC514E6C8350D2 /* Pods_WorkoutsMapTests.framework in Frameworks */ = {isa = PBXBuildFile; fileRef = C6690A3EFB41CB1D06D4409F /* Pods_WorkoutsMapTests.framework */; };
		A564AC54C083C42327CCD887 /* Pods_WorkoutsMap.framework in Frameworks */ = {isa = PBXBuildFile; fileRef = 72399954245282113D6685F6 /* Pods_WorkoutsMap.framework */; };
/* End PBXBuildFile section */

/* Begin PBXContainerItemProxy section */
		24F2705425559D1D00897C21 /* PBXContainerItemProxy */ = {
			isa = PBXContainerItemProxy;
			containerPortal = 24F2703525559D1900897C21 /* Project object */;
			proxyType = 1;
			remoteGlobalIDString = 24F2703C25559D1900897C21;
			remoteInfo = WorkoutsMap;
		};
		24F2705F25559D1D00897C21 /* PBXContainerItemProxy */ = {
			isa = PBXContainerItemProxy;
			containerPortal = 24F2703525559D1900897C21 /* Project object */;
			proxyType = 1;
			remoteGlobalIDString = 24F2703C25559D1900897C21;
			remoteInfo = WorkoutsMap;
		};
/* End PBXContainerItemProxy section */

/* Begin PBXFileReference section */
		24E5A009255829720022A05D /* WMRequests.swift */ = {isa = PBXFileReference; lastKnownFileType = sourcecode.swift; path = WMRequests.swift; sourceTree = "<group>"; };
		24F2703D25559D1900897C21 /* WorkoutsMap.app */ = {isa = PBXFileReference; explicitFileType = wrapper.application; includeInIndex = 0; path = WorkoutsMap.app; sourceTree = BUILT_PRODUCTS_DIR; };
		24F2704025559D1900897C21 /* AppDelegate.swift */ = {isa = PBXFileReference; lastKnownFileType = sourcecode.swift; path = AppDelegate.swift; sourceTree = "<group>"; };
		24F2704225559D1900897C21 /* SceneDelegate.swift */ = {isa = PBXFileReference; lastKnownFileType = sourcecode.swift; path = SceneDelegate.swift; sourceTree = "<group>"; };
		24F2704425559D1900897C21 /* MapViewController.swift */ = {isa = PBXFileReference; lastKnownFileType = sourcecode.swift; path = MapViewController.swift; sourceTree = "<group>"; };
		24F2704725559D1900897C21 /* Base */ = {isa = PBXFileReference; lastKnownFileType = file.storyboard; name = Base; path = Base.lproj/MapView.storyboard; sourceTree = "<group>"; };
		24F2704925559D1C00897C21 /* Assets.xcassets */ = {isa = PBXFileReference; lastKnownFileType = folder.assetcatalog; path = Assets.xcassets; sourceTree = "<group>"; };
		24F2704C25559D1C00897C21 /* Base */ = {isa = PBXFileReference; lastKnownFileType = file.storyboard; name = Base; path = Base.lproj/LaunchScreen.storyboard; sourceTree = "<group>"; };
		24F2704E25559D1C00897C21 /* Info.plist */ = {isa = PBXFileReference; lastKnownFileType = text.plist.xml; path = Info.plist; sourceTree = "<group>"; };
		24F2705325559D1D00897C21 /* WorkoutsMapTests.xctest */ = {isa = PBXFileReference; explicitFileType = wrapper.cfbundle; includeInIndex = 0; path = WorkoutsMapTests.xctest; sourceTree = BUILT_PRODUCTS_DIR; };
		24F2705725559D1D00897C21 /* WorkoutsMapTests.swift */ = {isa = PBXFileReference; lastKnownFileType = sourcecode.swift; path = WorkoutsMapTests.swift; sourceTree = "<group>"; };
		24F2705925559D1D00897C21 /* Info.plist */ = {isa = PBXFileReference; lastKnownFileType = text.plist.xml; path = Info.plist; sourceTree = "<group>"; };
		24F2705E25559D1D00897C21 /* WorkoutsMapUITests.xctest */ = {isa = PBXFileReference; explicitFileType = wrapper.cfbundle; includeInIndex = 0; path = WorkoutsMapUITests.xctest; sourceTree = BUILT_PRODUCTS_DIR; };
		24F2706225559D1D00897C21 /* WorkoutsMapUITests.swift */ = {isa = PBXFileReference; lastKnownFileType = sourcecode.swift; path = WorkoutsMapUITests.swift; sourceTree = "<group>"; };
		24F2706425559D1D00897C21 /* Info.plist */ = {isa = PBXFileReference; lastKnownFileType = text.plist.xml; path = Info.plist; sourceTree = "<group>"; };
		24F270882555BCC800897C21 /* Place.swift */ = {isa = PBXFileReference; lastKnownFileType = sourcecode.swift; path = Place.swift; sourceTree = "<group>"; };
		24F2708D2555BF2300897C21 /* SearchByDistanceResponseObject.swift */ = {isa = PBXFileReference; lastKnownFileType = sourcecode.swift; path = SearchByDistanceResponseObject.swift; sourceTree = "<group>"; };
		24F270922555C5DC00897C21 /* Podfile */ = {isa = PBXFileReference; fileEncoding = 4; lastKnownFileType = text; path = Podfile; sourceTree = "<group>"; };
		24F270AD2555C8CD00897C21 /* .gitignore */ = {isa = PBXFileReference; fileEncoding = 4; lastKnownFileType = text; path = .gitignore; sourceTree = "<group>"; };
		24F270CB2555CFCB00897C21 /* LocationService.swift */ = {isa = PBXFileReference; lastKnownFileType = sourcecode.swift; path = LocationService.swift; sourceTree = "<group>"; };
		31A8F8733218C5C0CCF823B8 /* Pods-WorkoutsMap.release.xcconfig */ = {isa = PBXFileReference; includeInIndex = 1; lastKnownFileType = text.xcconfig; name = "Pods-WorkoutsMap.release.xcconfig"; path = "Target Support Files/Pods-WorkoutsMap/Pods-WorkoutsMap.release.xcconfig"; sourceTree = "<group>"; };
		534F28B6ECF6666F199D8145 /* Pods-WorkoutsMapTests.debug.xcconfig */ = {isa = PBXFileReference; includeInIndex = 1; lastKnownFileType = text.xcconfig; name = "Pods-WorkoutsMapTests.debug.xcconfig"; path = "Target Support Files/Pods-WorkoutsMapTests/Pods-WorkoutsMapTests.debug.xcconfig"; sourceTree = "<group>"; };
		6A84D5C3D9A33AE896C3DEEA /* Pods-WorkoutsMap.debug.xcconfig */ = {isa = PBXFileReference; includeInIndex = 1; lastKnownFileType = text.xcconfig; name = "Pods-WorkoutsMap.debug.xcconfig"; path = "Target Support Files/Pods-WorkoutsMap/Pods-WorkoutsMap.debug.xcconfig"; sourceTree = "<group>"; };
		72399954245282113D6685F6 /* Pods_WorkoutsMap.framework */ = {isa = PBXFileReference; explicitFileType = wrapper.framework; includeInIndex = 0; path = Pods_WorkoutsMap.framework; sourceTree = BUILT_PRODUCTS_DIR; };
		89666F4285F8C01FEC38E58C /* Pods-WorkoutsMapTests.release.xcconfig */ = {isa = PBXFileReference; includeInIndex = 1; lastKnownFileType = text.xcconfig; name = "Pods-WorkoutsMapTests.release.xcconfig"; path = "Target Support Files/Pods-WorkoutsMapTests/Pods-WorkoutsMapTests.release.xcconfig"; sourceTree = "<group>"; };
		BD7C8C231803F438BD9AE549 /* Pods-WorkoutsMap-WorkoutsMapUITests.debug.xcconfig */ = {isa = PBXFileReference; includeInIndex = 1; lastKnownFileType = text.xcconfig; name = "Pods-WorkoutsMap-WorkoutsMapUITests.debug.xcconfig"; path = "Target Support Files/Pods-WorkoutsMap-WorkoutsMapUITests/Pods-WorkoutsMap-WorkoutsMapUITests.debug.xcconfig"; sourceTree = "<group>"; };
		C6690A3EFB41CB1D06D4409F /* Pods_WorkoutsMapTests.framework */ = {isa = PBXFileReference; explicitFileType = wrapper.framework; includeInIndex = 0; path = Pods_WorkoutsMapTests.framework; sourceTree = BUILT_PRODUCTS_DIR; };
		E35B08D5826D279E8C00F283 /* Pods-WorkoutsMap-WorkoutsMapUITests.release.xcconfig */ = {isa = PBXFileReference; includeInIndex = 1; lastKnownFileType = text.xcconfig; name = "Pods-WorkoutsMap-WorkoutsMapUITests.release.xcconfig"; path = "Target Support Files/Pods-WorkoutsMap-WorkoutsMapUITests/Pods-WorkoutsMap-WorkoutsMapUITests.release.xcconfig"; sourceTree = "<group>"; };
		EC30ED3F1A44D59ACB7C7EE5 /* Pods_WorkoutsMap_WorkoutsMapUITests.framework */ = {isa = PBXFileReference; explicitFileType = wrapper.framework; includeInIndex = 0; path = Pods_WorkoutsMap_WorkoutsMapUITests.framework; sourceTree = BUILT_PRODUCTS_DIR; };
/* End PBXFileReference section */

/* Begin PBXFrameworksBuildPhase section */
		24F2703A25559D1900897C21 /* Frameworks */ = {
			isa = PBXFrameworksBuildPhase;
			buildActionMask = 2147483647;
			files = (
				A564AC54C083C42327CCD887 /* Pods_WorkoutsMap.framework in Frameworks */,
			);
			runOnlyForDeploymentPostprocessing = 0;
		};
		24F2705025559D1D00897C21 /* Frameworks */ = {
			isa = PBXFrameworksBuildPhase;
			buildActionMask = 2147483647;
			files = (
				A000079BB5DC514E6C8350D2 /* Pods_WorkoutsMapTests.framework in Frameworks */,
			);
			runOnlyForDeploymentPostprocessing = 0;
		};
		24F2705B25559D1D00897C21 /* Frameworks */ = {
			isa = PBXFrameworksBuildPhase;
			buildActionMask = 2147483647;
			files = (
				3E9A9328A0BCA136CE6D6B93 /* Pods_WorkoutsMap_WorkoutsMapUITests.framework in Frameworks */,
			);
			runOnlyForDeploymentPostprocessing = 0;
		};
/* End PBXFrameworksBuildPhase section */

/* Begin PBXGroup section */
		24E5A008255829520022A05D /* Services */ = {
			isa = PBXGroup;
			children = (
				24F270CB2555CFCB00897C21 /* LocationService.swift */,
			);
			path = Services;
			sourceTree = "<group>";
		};
		24F2703425559D1900897C21 = {
			isa = PBXGroup;
			children = (
				24F270AD2555C8CD00897C21 /* .gitignore */,
				24F270922555C5DC00897C21 /* Podfile */,
				24F2703F25559D1900897C21 /* WorkoutsMap */,
				24F2705625559D1D00897C21 /* WorkoutsMapTests */,
				24F2706125559D1D00897C21 /* WorkoutsMapUITests */,
				24F2703E25559D1900897C21 /* Products */,
				B538A391B5281D867F4E6E3E /* Pods */,
				891F08E3095E1E21C452700E /* Frameworks */,
			);
			sourceTree = "<group>";
		};
		24F2703E25559D1900897C21 /* Products */ = {
			isa = PBXGroup;
			children = (
				24F2703D25559D1900897C21 /* WorkoutsMap.app */,
				24F2705325559D1D00897C21 /* WorkoutsMapTests.xctest */,
				24F2705E25559D1D00897C21 /* WorkoutsMapUITests.xctest */,
			);
			name = Products;
			sourceTree = "<group>";
		};
		24F2703F25559D1900897C21 /* WorkoutsMap */ = {
			isa = PBXGroup;
			children = (
				24E5A008255829520022A05D /* Services */,
				24F270CA2555CF8C00897C21 /* Networking */,
				24F270742555A3FC00897C21 /* AppDelegate */,
				24F270732555A3F300897C21 /* Map */,
				24F270872555BCAC00897C21 /* Model */,
				24F2704925559D1C00897C21 /* Assets.xcassets */,
			);
			path = WorkoutsMap;
			sourceTree = "<group>";
		};
		24F2705625559D1D00897C21 /* WorkoutsMapTests */ = {
			isa = PBXGroup;
			children = (
				24F2705725559D1D00897C21 /* WorkoutsMapTests.swift */,
				24F2705925559D1D00897C21 /* Info.plist */,
			);
			path = WorkoutsMapTests;
			sourceTree = "<group>";
		};
		24F2706125559D1D00897C21 /* WorkoutsMapUITests */ = {
			isa = PBXGroup;
			children = (
				24F2706225559D1D00897C21 /* WorkoutsMapUITests.swift */,
				24F2706425559D1D00897C21 /* Info.plist */,
			);
			path = WorkoutsMapUITests;
			sourceTree = "<group>";
		};
		24F270732555A3F300897C21 /* Map */ = {
			isa = PBXGroup;
			children = (
				24F2704425559D1900897C21 /* MapViewController.swift */,
				24F2704625559D1900897C21 /* MapView.storyboard */,
			);
			path = Map;
			sourceTree = "<group>";
		};
		24F270742555A3FC00897C21 /* AppDelegate */ = {
			isa = PBXGroup;
			children = (
				24F2704025559D1900897C21 /* AppDelegate.swift */,
				24F2704225559D1900897C21 /* SceneDelegate.swift */,
				24F2704B25559D1C00897C21 /* LaunchScreen.storyboard */,
				24F2704E25559D1C00897C21 /* Info.plist */,
			);
			path = AppDelegate;
			sourceTree = "<group>";
		};
		24F270872555BCAC00897C21 /* Model */ = {
			isa = PBXGroup;
			children = (
				24F270882555BCC800897C21 /* Place.swift */,
				24F2708D2555BF2300897C21 /* SearchByDistanceResponseObject.swift */,
			);
			path = Model;
			sourceTree = "<group>";
		};
		24F270CA2555CF8C00897C21 /* Networking */ = {
			isa = PBXGroup;
			children = (
				24E5A009255829720022A05D /* WMRequests.swift */,
			);
			path = Networking;
			sourceTree = "<group>";
		};
		891F08E3095E1E21C452700E /* Frameworks */ = {
			isa = PBXGroup;
			children = (
				72399954245282113D6685F6 /* Pods_WorkoutsMap.framework */,
				EC30ED3F1A44D59ACB7C7EE5 /* Pods_WorkoutsMap_WorkoutsMapUITests.framework */,
				C6690A3EFB41CB1D06D4409F /* Pods_WorkoutsMapTests.framework */,
			);
			name = Frameworks;
			sourceTree = "<group>";
		};
		B538A391B5281D867F4E6E3E /* Pods */ = {
			isa = PBXGroup;
			children = (
				6A84D5C3D9A33AE896C3DEEA /* Pods-WorkoutsMap.debug.xcconfig */,
				31A8F8733218C5C0CCF823B8 /* Pods-WorkoutsMap.release.xcconfig */,
				BD7C8C231803F438BD9AE549 /* Pods-WorkoutsMap-WorkoutsMapUITests.debug.xcconfig */,
				E35B08D5826D279E8C00F283 /* Pods-WorkoutsMap-WorkoutsMapUITests.release.xcconfig */,
				534F28B6ECF6666F199D8145 /* Pods-WorkoutsMapTests.debug.xcconfig */,
				89666F4285F8C01FEC38E58C /* Pods-WorkoutsMapTests.release.xcconfig */,
			);
			path = Pods;
			sourceTree = "<group>";
		};
/* End PBXGroup section */

/* Begin PBXNativeTarget section */
		24F2703C25559D1900897C21 /* WorkoutsMap */ = {
			isa = PBXNativeTarget;
			buildConfigurationList = 24F2706725559D1D00897C21 /* Build configuration list for PBXNativeTarget "WorkoutsMap" */;
			buildPhases = (
				81211AFFD23944AD9A6769C6 /* [CP] Check Pods Manifest.lock */,
				24F2703925559D1900897C21 /* Sources */,
				24F2703A25559D1900897C21 /* Frameworks */,
				24F2703B25559D1900897C21 /* Resources */,
				CE477AF18B9289C82189C42B /* [CP] Embed Pods Frameworks */,
			);
			buildRules = (
			);
			dependencies = (
			);
			name = WorkoutsMap;
			productName = WorkoutsMap;
			productReference = 24F2703D25559D1900897C21 /* WorkoutsMap.app */;
			productType = "com.apple.product-type.application";
		};
		24F2705225559D1D00897C21 /* WorkoutsMapTests */ = {
			isa = PBXNativeTarget;
			buildConfigurationList = 24F2706A25559D1D00897C21 /* Build configuration list for PBXNativeTarget "WorkoutsMapTests" */;
			buildPhases = (
				8ECE419731ACEADA94EF3651 /* [CP] Check Pods Manifest.lock */,
				24F2704F25559D1D00897C21 /* Sources */,
				24F2705025559D1D00897C21 /* Frameworks */,
				24F2705125559D1D00897C21 /* Resources */,
			);
			buildRules = (
			);
			dependencies = (
				24F2705525559D1D00897C21 /* PBXTargetDependency */,
			);
			name = WorkoutsMapTests;
			productName = WorkoutsMapTests;
			productReference = 24F2705325559D1D00897C21 /* WorkoutsMapTests.xctest */;
			productType = "com.apple.product-type.bundle.unit-test";
		};
		24F2705D25559D1D00897C21 /* WorkoutsMapUITests */ = {
			isa = PBXNativeTarget;
			buildConfigurationList = 24F2706D25559D1D00897C21 /* Build configuration list for PBXNativeTarget "WorkoutsMapUITests" */;
			buildPhases = (
				B5FFBB88B7BE0165A312E5BC /* [CP] Check Pods Manifest.lock */,
				24F2705A25559D1D00897C21 /* Sources */,
				24F2705B25559D1D00897C21 /* Frameworks */,
				24F2705C25559D1D00897C21 /* Resources */,
				D928FD9CAF9C18ED5740DEED /* [CP] Embed Pods Frameworks */,
			);
			buildRules = (
			);
			dependencies = (
				24F2706025559D1D00897C21 /* PBXTargetDependency */,
			);
			name = WorkoutsMapUITests;
			productName = WorkoutsMapUITests;
			productReference = 24F2705E25559D1D00897C21 /* WorkoutsMapUITests.xctest */;
			productType = "com.apple.product-type.bundle.ui-testing";
		};
/* End PBXNativeTarget section */

/* Begin PBXProject section */
		24F2703525559D1900897C21 /* Project object */ = {
			isa = PBXProject;
			attributes = {
				LastSwiftUpdateCheck = 1200;
				LastUpgradeCheck = 1200;
				TargetAttributes = {
					24F2703C25559D1900897C21 = {
						CreatedOnToolsVersion = 12.0.1;
					};
					24F2705225559D1D00897C21 = {
						CreatedOnToolsVersion = 12.0.1;
						TestTargetID = 24F2703C25559D1900897C21;
					};
					24F2705D25559D1D00897C21 = {
						CreatedOnToolsVersion = 12.0.1;
						TestTargetID = 24F2703C25559D1900897C21;
					};
				};
			};
			buildConfigurationList = 24F2703825559D1900897C21 /* Build configuration list for PBXProject "WorkoutsMap" */;
			compatibilityVersion = "Xcode 9.3";
			developmentRegion = en;
			hasScannedForEncodings = 0;
			knownRegions = (
				en,
				Base,
			);
			mainGroup = 24F2703425559D1900897C21;
			productRefGroup = 24F2703E25559D1900897C21 /* Products */;
			projectDirPath = "";
			projectRoot = "";
			targets = (
				24F2703C25559D1900897C21 /* WorkoutsMap */,
				24F2705225559D1D00897C21 /* WorkoutsMapTests */,
				24F2705D25559D1D00897C21 /* WorkoutsMapUITests */,
			);
		};
/* End PBXProject section */

/* Begin PBXResourcesBuildPhase section */
		24F2703B25559D1900897C21 /* Resources */ = {
			isa = PBXResourcesBuildPhase;
			buildActionMask = 2147483647;
			files = (
				24F270AE2555C8CD00897C21 /* .gitignore in Resources */,
				24F2704D25559D1C00897C21 /* LaunchScreen.storyboard in Resources */,
				24F2704A25559D1C00897C21 /* Assets.xcassets in Resources */,
				24F270932555C5DC00897C21 /* Podfile in Resources */,
				24F2704825559D1900897C21 /* MapView.storyboard in Resources */,
			);
			runOnlyForDeploymentPostprocessing = 0;
		};
		24F2705125559D1D00897C21 /* Resources */ = {
			isa = PBXResourcesBuildPhase;
			buildActionMask = 2147483647;
			files = (
			);
			runOnlyForDeploymentPostprocessing = 0;
		};
		24F2705C25559D1D00897C21 /* Resources */ = {
			isa = PBXResourcesBuildPhase;
			buildActionMask = 2147483647;
			files = (
			);
			runOnlyForDeploymentPostprocessing = 0;
		};
/* End PBXResourcesBuildPhase section */

/* Begin PBXShellScriptBuildPhase section */
		81211AFFD23944AD9A6769C6 /* [CP] Check Pods Manifest.lock */ = {
			isa = PBXShellScriptBuildPhase;
			buildActionMask = 2147483647;
			files = (
			);
			inputFileListPaths = (
			);
			inputPaths = (
				"${PODS_PODFILE_DIR_PATH}/Podfile.lock",
				"${PODS_ROOT}/Manifest.lock",
			);
			name = "[CP] Check Pods Manifest.lock";
			outputFileListPaths = (
			);
			outputPaths = (
				"$(DERIVED_FILE_DIR)/Pods-WorkoutsMap-checkManifestLockResult.txt",
			);
			runOnlyForDeploymentPostprocessing = 0;
			shellPath = /bin/sh;
			shellScript = "diff \"${PODS_PODFILE_DIR_PATH}/Podfile.lock\" \"${PODS_ROOT}/Manifest.lock\" > /dev/null\nif [ $? != 0 ] ; then\n    # print error to STDERR\n    echo \"error: The sandbox is not in sync with the Podfile.lock. Run 'pod install' or update your CocoaPods installation.\" >&2\n    exit 1\nfi\n# This output is used by Xcode 'outputs' to avoid re-running this script phase.\necho \"SUCCESS\" > \"${SCRIPT_OUTPUT_FILE_0}\"\n";
			showEnvVarsInLog = 0;
		};
		8ECE419731ACEADA94EF3651 /* [CP] Check Pods Manifest.lock */ = {
			isa = PBXShellScriptBuildPhase;
			buildActionMask = 2147483647;
			files = (
			);
			inputFileListPaths = (
			);
			inputPaths = (
				"${PODS_PODFILE_DIR_PATH}/Podfile.lock",
				"${PODS_ROOT}/Manifest.lock",
			);
			name = "[CP] Check Pods Manifest.lock";
			outputFileListPaths = (
			);
			outputPaths = (
				"$(DERIVED_FILE_DIR)/Pods-WorkoutsMapTests-checkManifestLockResult.txt",
			);
			runOnlyForDeploymentPostprocessing = 0;
			shellPath = /bin/sh;
			shellScript = "diff \"${PODS_PODFILE_DIR_PATH}/Podfile.lock\" \"${PODS_ROOT}/Manifest.lock\" > /dev/null\nif [ $? != 0 ] ; then\n    # print error to STDERR\n    echo \"error: The sandbox is not in sync with the Podfile.lock. Run 'pod install' or update your CocoaPods installation.\" >&2\n    exit 1\nfi\n# This output is used by Xcode 'outputs' to avoid re-running this script phase.\necho \"SUCCESS\" > \"${SCRIPT_OUTPUT_FILE_0}\"\n";
			showEnvVarsInLog = 0;
		};
		B5FFBB88B7BE0165A312E5BC /* [CP] Check Pods Manifest.lock */ = {
			isa = PBXShellScriptBuildPhase;
			buildActionMask = 2147483647;
			files = (
			);
			inputFileListPaths = (
			);
			inputPaths = (
				"${PODS_PODFILE_DIR_PATH}/Podfile.lock",
				"${PODS_ROOT}/Manifest.lock",
			);
			name = "[CP] Check Pods Manifest.lock";
			outputFileListPaths = (
			);
			outputPaths = (
				"$(DERIVED_FILE_DIR)/Pods-WorkoutsMap-WorkoutsMapUITests-checkManifestLockResult.txt",
			);
			runOnlyForDeploymentPostprocessing = 0;
			shellPath = /bin/sh;
			shellScript = "diff \"${PODS_PODFILE_DIR_PATH}/Podfile.lock\" \"${PODS_ROOT}/Manifest.lock\" > /dev/null\nif [ $? != 0 ] ; then\n    # print error to STDERR\n    echo \"error: The sandbox is not in sync with the Podfile.lock. Run 'pod install' or update your CocoaPods installation.\" >&2\n    exit 1\nfi\n# This output is used by Xcode 'outputs' to avoid re-running this script phase.\necho \"SUCCESS\" > \"${SCRIPT_OUTPUT_FILE_0}\"\n";
			showEnvVarsInLog = 0;
		};
		CE477AF18B9289C82189C42B /* [CP] Embed Pods Frameworks */ = {
			isa = PBXShellScriptBuildPhase;
			buildActionMask = 2147483647;
			files = (
			);
			inputFileListPaths = (
				"${PODS_ROOT}/Target Support Files/Pods-WorkoutsMap/Pods-WorkoutsMap-frameworks-${CONFIGURATION}-input-files.xcfilelist",
			);
			name = "[CP] Embed Pods Frameworks";
			outputFileListPaths = (
				"${PODS_ROOT}/Target Support Files/Pods-WorkoutsMap/Pods-WorkoutsMap-frameworks-${CONFIGURATION}-output-files.xcfilelist",
			);
			runOnlyForDeploymentPostprocessing = 0;
			shellPath = /bin/sh;
			shellScript = "\"${PODS_ROOT}/Target Support Files/Pods-WorkoutsMap/Pods-WorkoutsMap-frameworks.sh\"\n";
			showEnvVarsInLog = 0;
		};
		D928FD9CAF9C18ED5740DEED /* [CP] Embed Pods Frameworks */ = {
			isa = PBXShellScriptBuildPhase;
			buildActionMask = 2147483647;
			files = (
			);
			inputFileListPaths = (
				"${PODS_ROOT}/Target Support Files/Pods-WorkoutsMap-WorkoutsMapUITests/Pods-WorkoutsMap-WorkoutsMapUITests-frameworks-${CONFIGURATION}-input-files.xcfilelist",
			);
			name = "[CP] Embed Pods Frameworks";
			outputFileListPaths = (
				"${PODS_ROOT}/Target Support Files/Pods-WorkoutsMap-WorkoutsMapUITests/Pods-WorkoutsMap-WorkoutsMapUITests-frameworks-${CONFIGURATION}-output-files.xcfilelist",
			);
			runOnlyForDeploymentPostprocessing = 0;
			shellPath = /bin/sh;
			shellScript = "\"${PODS_ROOT}/Target Support Files/Pods-WorkoutsMap-WorkoutsMapUITests/Pods-WorkoutsMap-WorkoutsMapUITests-frameworks.sh\"\n";
			showEnvVarsInLog = 0;
		};
/* End PBXShellScriptBuildPhase section */

/* Begin PBXSourcesBuildPhase section */
		24F2703925559D1900897C21 /* Sources */ = {
			isa = PBXSourcesBuildPhase;
			buildActionMask = 2147483647;
			files = (
				24F2704525559D1900897C21 /* MapViewController.swift in Sources */,
				24F2704125559D1900897C21 /* AppDelegate.swift in Sources */,
				24F2708E2555BF2300897C21 /* SearchByDistanceResponseObject.swift in Sources */,
				24F2704325559D1900897C21 /* SceneDelegate.swift in Sources */,
				24E5A00A255829720022A05D /* WMRequests.swift in Sources */,
				24F270CC2555CFCB00897C21 /* LocationService.swift in Sources */,
				24F270892555BCC800897C21 /* Place.swift in Sources */,
			);
			runOnlyForDeploymentPostprocessing = 0;
		};
		24F2704F25559D1D00897C21 /* Sources */ = {
			isa = PBXSourcesBuildPhase;
			buildActionMask = 2147483647;
			files = (
				24F2705825559D1D00897C21 /* WorkoutsMapTests.swift in Sources */,
			);
			runOnlyForDeploymentPostprocessing = 0;
		};
		24F2705A25559D1D00897C21 /* Sources */ = {
			isa = PBXSourcesBuildPhase;
			buildActionMask = 2147483647;
			files = (
				24F2706325559D1D00897C21 /* WorkoutsMapUITests.swift in Sources */,
			);
			runOnlyForDeploymentPostprocessing = 0;
		};
/* End PBXSourcesBuildPhase section */

/* Begin PBXTargetDependency section */
		24F2705525559D1D00897C21 /* PBXTargetDependency */ = {
			isa = PBXTargetDependency;
			target = 24F2703C25559D1900897C21 /* WorkoutsMap */;
			targetProxy = 24F2705425559D1D00897C21 /* PBXContainerItemProxy */;
		};
		24F2706025559D1D00897C21 /* PBXTargetDependency */ = {
			isa = PBXTargetDependency;
			target = 24F2703C25559D1900897C21 /* WorkoutsMap */;
			targetProxy = 24F2705F25559D1D00897C21 /* PBXContainerItemProxy */;
		};
/* End PBXTargetDependency section */

/* Begin PBXVariantGroup section */
		24F2704625559D1900897C21 /* MapView.storyboard */ = {
			isa = PBXVariantGroup;
			children = (
				24F2704725559D1900897C21 /* Base */,
			);
			name = MapView.storyboard;
			sourceTree = "<group>";
		};
		24F2704B25559D1C00897C21 /* LaunchScreen.storyboard */ = {
			isa = PBXVariantGroup;
			children = (
				24F2704C25559D1C00897C21 /* Base */,
			);
			name = LaunchScreen.storyboard;
			sourceTree = "<group>";
		};
/* End PBXVariantGroup section */

/* Begin XCBuildConfiguration section */
		24F2706525559D1D00897C21 /* Debug */ = {
			isa = XCBuildConfiguration;
			buildSettings = {
				ALWAYS_SEARCH_USER_PATHS = NO;
				CLANG_ANALYZER_NONNULL = YES;
				CLANG_ANALYZER_NUMBER_OBJECT_CONVERSION = YES_AGGRESSIVE;
				CLANG_CXX_LANGUAGE_STANDARD = "gnu++14";
				CLANG_CXX_LIBRARY = "libc++";
				CLANG_ENABLE_MODULES = YES;
				CLANG_ENABLE_OBJC_ARC = YES;
				CLANG_ENABLE_OBJC_WEAK = YES;
				CLANG_WARN_BLOCK_CAPTURE_AUTORELEASING = YES;
				CLANG_WARN_BOOL_CONVERSION = YES;
				CLANG_WARN_COMMA = YES;
				CLANG_WARN_CONSTANT_CONVERSION = YES;
				CLANG_WARN_DEPRECATED_OBJC_IMPLEMENTATIONS = YES;
				CLANG_WARN_DIRECT_OBJC_ISA_USAGE = YES_ERROR;
				CLANG_WARN_DOCUMENTATION_COMMENTS = YES;
				CLANG_WARN_EMPTY_BODY = YES;
				CLANG_WARN_ENUM_CONVERSION = YES;
				CLANG_WARN_INFINITE_RECURSION = YES;
				CLANG_WARN_INT_CONVERSION = YES;
				CLANG_WARN_NON_LITERAL_NULL_CONVERSION = YES;
				CLANG_WARN_OBJC_IMPLICIT_RETAIN_SELF = YES;
				CLANG_WARN_OBJC_LITERAL_CONVERSION = YES;
				CLANG_WARN_OBJC_ROOT_CLASS = YES_ERROR;
				CLANG_WARN_QUOTED_INCLUDE_IN_FRAMEWORK_HEADER = YES;
				CLANG_WARN_RANGE_LOOP_ANALYSIS = YES;
				CLANG_WARN_STRICT_PROTOTYPES = YES;
				CLANG_WARN_SUSPICIOUS_MOVE = YES;
				CLANG_WARN_UNGUARDED_AVAILABILITY = YES_AGGRESSIVE;
				CLANG_WARN_UNREACHABLE_CODE = YES;
				CLANG_WARN__DUPLICATE_METHOD_MATCH = YES;
				COPY_PHASE_STRIP = NO;
				DEBUG_INFORMATION_FORMAT = dwarf;
				ENABLE_STRICT_OBJC_MSGSEND = YES;
				ENABLE_TESTABILITY = YES;
				GCC_C_LANGUAGE_STANDARD = gnu11;
				GCC_DYNAMIC_NO_PIC = NO;
				GCC_NO_COMMON_BLOCKS = YES;
				GCC_OPTIMIZATION_LEVEL = 0;
				GCC_PREPROCESSOR_DEFINITIONS = (
					"DEBUG=1",
					"$(inherited)",
				);
				GCC_WARN_64_TO_32_BIT_CONVERSION = YES;
				GCC_WARN_ABOUT_RETURN_TYPE = YES_ERROR;
				GCC_WARN_UNDECLARED_SELECTOR = YES;
				GCC_WARN_UNINITIALIZED_AUTOS = YES_AGGRESSIVE;
				GCC_WARN_UNUSED_FUNCTION = YES;
				GCC_WARN_UNUSED_VARIABLE = YES;
				IPHONEOS_DEPLOYMENT_TARGET = 13.0;
				MTL_ENABLE_DEBUG_INFO = INCLUDE_SOURCE;
				MTL_FAST_MATH = YES;
				ONLY_ACTIVE_ARCH = YES;
				SDKROOT = iphoneos;
				SWIFT_ACTIVE_COMPILATION_CONDITIONS = DEBUG;
				SWIFT_OPTIMIZATION_LEVEL = "-Onone";
			};
			name = Debug;
		};
		24F2706625559D1D00897C21 /* Release */ = {
			isa = XCBuildConfiguration;
			buildSettings = {
				ALWAYS_SEARCH_USER_PATHS = NO;
				CLANG_ANALYZER_NONNULL = YES;
				CLANG_ANALYZER_NUMBER_OBJECT_CONVERSION = YES_AGGRESSIVE;
				CLANG_CXX_LANGUAGE_STANDARD = "gnu++14";
				CLANG_CXX_LIBRARY = "libc++";
				CLANG_ENABLE_MODULES = YES;
				CLANG_ENABLE_OBJC_ARC = YES;
				CLANG_ENABLE_OBJC_WEAK = YES;
				CLANG_WARN_BLOCK_CAPTURE_AUTORELEASING = YES;
				CLANG_WARN_BOOL_CONVERSION = YES;
				CLANG_WARN_COMMA = YES;
				CLANG_WARN_CONSTANT_CONVERSION = YES;
				CLANG_WARN_DEPRECATED_OBJC_IMPLEMENTATIONS = YES;
				CLANG_WARN_DIRECT_OBJC_ISA_USAGE = YES_ERROR;
				CLANG_WARN_DOCUMENTATION_COMMENTS = YES;
				CLANG_WARN_EMPTY_BODY = YES;
				CLANG_WARN_ENUM_CONVERSION = YES;
				CLANG_WARN_INFINITE_RECURSION = YES;
				CLANG_WARN_INT_CONVERSION = YES;
				CLANG_WARN_NON_LITERAL_NULL_CONVERSION = YES;
				CLANG_WARN_OBJC_IMPLICIT_RETAIN_SELF = YES;
				CLANG_WARN_OBJC_LITERAL_CONVERSION = YES;
				CLANG_WARN_OBJC_ROOT_CLASS = YES_ERROR;
				CLANG_WARN_QUOTED_INCLUDE_IN_FRAMEWORK_HEADER = YES;
				CLANG_WARN_RANGE_LOOP_ANALYSIS = YES;
				CLANG_WARN_STRICT_PROTOTYPES = YES;
				CLANG_WARN_SUSPICIOUS_MOVE = YES;
				CLANG_WARN_UNGUARDED_AVAILABILITY = YES_AGGRESSIVE;
				CLANG_WARN_UNREACHABLE_CODE = YES;
				CLANG_WARN__DUPLICATE_METHOD_MATCH = YES;
				COPY_PHASE_STRIP = NO;
				DEBUG_INFORMATION_FORMAT = "dwarf-with-dsym";
				ENABLE_NS_ASSERTIONS = NO;
				ENABLE_STRICT_OBJC_MSGSEND = YES;
				GCC_C_LANGUAGE_STANDARD = gnu11;
				GCC_NO_COMMON_BLOCKS = YES;
				GCC_WARN_64_TO_32_BIT_CONVERSION = YES;
				GCC_WARN_ABOUT_RETURN_TYPE = YES_ERROR;
				GCC_WARN_UNDECLARED_SELECTOR = YES;
				GCC_WARN_UNINITIALIZED_AUTOS = YES_AGGRESSIVE;
				GCC_WARN_UNUSED_FUNCTION = YES;
				GCC_WARN_UNUSED_VARIABLE = YES;
				IPHONEOS_DEPLOYMENT_TARGET = 13.0;
				MTL_ENABLE_DEBUG_INFO = NO;
				MTL_FAST_MATH = YES;
				SDKROOT = iphoneos;
				SWIFT_COMPILATION_MODE = wholemodule;
				SWIFT_OPTIMIZATION_LEVEL = "-O";
				VALIDATE_PRODUCT = YES;
			};
			name = Release;
		};
		24F2706825559D1D00897C21 /* Debug */ = {
			isa = XCBuildConfiguration;
			baseConfigurationReference = 6A84D5C3D9A33AE896C3DEEA /* Pods-WorkoutsMap.debug.xcconfig */;
			buildSettings = {
				ASSETCATALOG_COMPILER_APPICON_NAME = AppIcon;
				ASSETCATALOG_COMPILER_GLOBAL_ACCENT_COLOR_NAME = AccentColor;
				CODE_SIGN_STYLE = Automatic;
				DEVELOPMENT_TEAM = HL3TG6P8PX;
				INFOPLIST_FILE = WorkoutsMap/AppDelegate/Info.plist;
				IPHONEOS_DEPLOYMENT_TARGET = 13.0;
				LD_RUNPATH_SEARCH_PATHS = (
					"$(inherited)",
					"@executable_path/Frameworks",
				);
				PRODUCT_BUNDLE_IDENTIFIER = com.tristannewman.WorkoutsMap;
				PRODUCT_NAME = "$(TARGET_NAME)";
				SWIFT_VERSION = 5.0;
				TARGETED_DEVICE_FAMILY = "1,2";
			};
			name = Debug;
		};
		24F2706925559D1D00897C21 /* Release */ = {
			isa = XCBuildConfiguration;
			baseConfigurationReference = 31A8F8733218C5C0CCF823B8 /* Pods-WorkoutsMap.release.xcconfig */;
			buildSettings = {
				ASSETCATALOG_COMPILER_APPICON_NAME = AppIcon;
				ASSETCATALOG_COMPILER_GLOBAL_ACCENT_COLOR_NAME = AccentColor;
				CODE_SIGN_STYLE = Automatic;
				DEVELOPMENT_TEAM = HL3TG6P8PX;
				INFOPLIST_FILE = WorkoutsMap/AppDelegate/Info.plist;
				IPHONEOS_DEPLOYMENT_TARGET = 13.0;
				LD_RUNPATH_SEARCH_PATHS = (
					"$(inherited)",
					"@executable_path/Frameworks",
				);
				PRODUCT_BUNDLE_IDENTIFIER = com.tristannewman.WorkoutsMap;
				PRODUCT_NAME = "$(TARGET_NAME)";
				SWIFT_VERSION = 5.0;
				TARGETED_DEVICE_FAMILY = "1,2";
			};
			name = Release;
		};
		24F2706B25559D1D00897C21 /* Debug */ = {
			isa = XCBuildConfiguration;
			baseConfigurationReference = 534F28B6ECF6666F199D8145 /* Pods-WorkoutsMapTests.debug.xcconfig */;
			buildSettings = {
				ALWAYS_EMBED_SWIFT_STANDARD_LIBRARIES = YES;
				BUNDLE_LOADER = "$(TEST_HOST)";
				CODE_SIGN_STYLE = Automatic;
				DEVELOPMENT_TEAM = HL3TG6P8PX;
				INFOPLIST_FILE = WorkoutsMapTests/Info.plist;
				IPHONEOS_DEPLOYMENT_TARGET = 14.0;
				LD_RUNPATH_SEARCH_PATHS = (
					"$(inherited)",
					"@executable_path/Frameworks",
					"@loader_path/Frameworks",
				);
				PRODUCT_BUNDLE_IDENTIFIER = com.tristannewman.WorkoutsMapTests;
				PRODUCT_NAME = "$(TARGET_NAME)";
				SWIFT_VERSION = 5.0;
				TARGETED_DEVICE_FAMILY = "1,2";
				TEST_HOST = "$(BUILT_PRODUCTS_DIR)/WorkoutsMap.app/WorkoutsMap";
			};
			name = Debug;
		};
		24F2706C25559D1D00897C21 /* Release */ = {
			isa = XCBuildConfiguration;
			baseConfigurationReference = 89666F4285F8C01FEC38E58C /* Pods-WorkoutsMapTests.release.xcconfig */;
			buildSettings = {
				ALWAYS_EMBED_SWIFT_STANDARD_LIBRARIES = YES;
				BUNDLE_LOADER = "$(TEST_HOST)";
				CODE_SIGN_STYLE = Automatic;
				DEVELOPMENT_TEAM = HL3TG6P8PX;
				INFOPLIST_FILE = WorkoutsMapTests/Info.plist;
				IPHONEOS_DEPLOYMENT_TARGET = 14.0;
				LD_RUNPATH_SEARCH_PATHS = (
					"$(inherited)",
					"@executable_path/Frameworks",
					"@loader_path/Frameworks",
				);
				PRODUCT_BUNDLE_IDENTIFIER = com.tristannewman.WorkoutsMapTests;
				PRODUCT_NAME = "$(TARGET_NAME)";
				SWIFT_VERSION = 5.0;
				TARGETED_DEVICE_FAMILY = "1,2";
				TEST_HOST = "$(BUILT_PRODUCTS_DIR)/WorkoutsMap.app/WorkoutsMap";
			};
			name = Release;
		};
		24F2706E25559D1D00897C21 /* Debug */ = {
			isa = XCBuildConfiguration;
			baseConfigurationReference = BD7C8C231803F438BD9AE549 /* Pods-WorkoutsMap-WorkoutsMapUITests.debug.xcconfig */;
			buildSettings = {
				ALWAYS_EMBED_SWIFT_STANDARD_LIBRARIES = YES;
				CODE_SIGN_STYLE = Automatic;
				DEVELOPMENT_TEAM = HL3TG6P8PX;
				INFOPLIST_FILE = WorkoutsMapUITests/Info.plist;
				LD_RUNPATH_SEARCH_PATHS = (
					"$(inherited)",
					"@executable_path/Frameworks",
					"@loader_path/Frameworks",
				);
				PRODUCT_BUNDLE_IDENTIFIER = com.tristannewman.WorkoutsMapUITests;
				PRODUCT_NAME = "$(TARGET_NAME)";
				SWIFT_VERSION = 5.0;
				TARGETED_DEVICE_FAMILY = "1,2";
				TEST_TARGET_NAME = WorkoutsMap;
			};
			name = Debug;
		};
		24F2706F25559D1D00897C21 /* Release */ = {
			isa = XCBuildConfiguration;
			baseConfigurationReference = E35B08D5826D279E8C00F283 /* Pods-WorkoutsMap-WorkoutsMapUITests.release.xcconfig */;
			buildSettings = {
				ALWAYS_EMBED_SWIFT_STANDARD_LIBRARIES = YES;
				CODE_SIGN_STYLE = Automatic;
				DEVELOPMENT_TEAM = HL3TG6P8PX;
				INFOPLIST_FILE = WorkoutsMapUITests/Info.plist;
				LD_RUNPATH_SEARCH_PATHS = (
					"$(inherited)",
					"@executable_path/Frameworks",
					"@loader_path/Frameworks",
				);
				PRODUCT_BUNDLE_IDENTIFIER = com.tristannewman.WorkoutsMapUITests;
				PRODUCT_NAME = "$(TARGET_NAME)";
				SWIFT_VERSION = 5.0;
				TARGETED_DEVICE_FAMILY = "1,2";
				TEST_TARGET_NAME = WorkoutsMap;
			};
			name = Release;
		};
/* End XCBuildConfiguration section */

/* Begin XCConfigurationList section */
		24F2703825559D1900897C21 /* Build configuration list for PBXProject "WorkoutsMap" */ = {
			isa = XCConfigurationList;
			buildConfigurations = (
				24F2706525559D1D00897C21 /* Debug */,
				24F2706625559D1D00897C21 /* Release */,
			);
			defaultConfigurationIsVisible = 0;
			defaultConfigurationName = Release;
		};
		24F2706725559D1D00897C21 /* Build configuration list for PBXNativeTarget "WorkoutsMap" */ = {
			isa = XCConfigurationList;
			buildConfigurations = (
				24F2706825559D1D00897C21 /* Debug */,
				24F2706925559D1D00897C21 /* Release */,
			);
			defaultConfigurationIsVisible = 0;
			defaultConfigurationName = Release;
		};
		24F2706A25559D1D00897C21 /* Build configuration list for PBXNativeTarget "WorkoutsMapTests" */ = {
			isa = XCConfigurationList;
			buildConfigurations = (
				24F2706B25559D1D00897C21 /* Debug */,
				24F2706C25559D1D00897C21 /* Release */,
			);
			defaultConfigurationIsVisible = 0;
			defaultConfigurationName = Release;
		};
		24F2706D25559D1D00897C21 /* Build configuration list for PBXNativeTarget "WorkoutsMapUITests" */ = {
			isa = XCConfigurationList;
			buildConfigurations = (
				24F2706E25559D1D00897C21 /* Debug */,
				24F2706F25559D1D00897C21 /* Release */,
			);
			defaultConfigurationIsVisible = 0;
			defaultConfigurationName = Release;
		};
/* End XCConfigurationList section */
	};
	rootObject = 24F2703525559D1900897C21 /* Project object */;
}
